
Microsoft Visual Studio Solution File, Format Version 12.00
# Visual Studio Version 17
VisualStudioVersion = 17.6.33815.320
MinimumVisualStudioVersion = 10.0.40219.1
Project("{FAE04EC0-301F-11D3-BF4B-00C04F79EFBC}") = "Shopping_Cart", "Shopping_Cart\Shopping_Cart.csproj", "{77470EA7-6B03-40F2-9FFB-CC8F00288643}"
EndProject
Global
	GlobalSection(SolutionConfigurationPlatforms) = preSolution
		Debug|Any CPU = Debug|Any CPU
		Release|Any CPU = Release|Any CPU
	EndGlobalSection
	GlobalSection(ProjectConfigurationPlatforms) = postSolution
		{77470EA7-6B03-40F2-9FFB-CC8F00288643}.Debug|Any CPU.ActiveCfg = Debug|Any CPU
		{77470EA7-6B03-40F2-9FFB-CC8F00288643}.Debug|Any CPU.Build.0 = Debug|Any CPU
		{77470EA7-6B03-40F2-9FFB-CC8F00288643}.Release|Any CPU.ActiveCfg = Release|Any CPU
		{77470EA7-6B03-40F2-9FFB-CC8F00288643}.Release|Any CPU.Build.0 = Release|Any CPU
	EndGlobalSection
	GlobalSection(SolutionProperties) = preSolution
		HideSolutionNode = FALSE
	EndGlobalSection
	GlobalSection(ExtensibilityGlobals) = postSolution
		SolutionGuid = {0E6CF960-4E27-41C4-8D85-3B5600C62F10}
	EndGlobalSection
EndGlobal
